
Microsoft Visual Studio Solution File, Format Version 12.00
# Visual Studio 2013
VisualStudioVersion = 12.0.21005.1
MinimumVisualStudioVersion = 10.0.40219.1
Project("{FAE04EC0-301F-11D3-BF4B-00C04F79EFBC}") = "FaceRecognition", "FaceRecognition\FaceRecognition.csproj", "{3C2AB491-ECA8-40E8-91B4-6300BE13DEE2}"
EndProject
Project("{FAE04EC0-301F-11D3-BF4B-00C04F79EFBC}") = "Recognition", "Recognition\Recognition.csproj", "{74B1B784-4937-4BEA-ABCC-F66A6CAE8153}"
EndProject
Global
	GlobalSection(SolutionConfigurationPlatforms) = preSolution
		Debug|Any CPU = Debug|Any CPU
		Release|Any CPU = Release|Any CPU
	EndGlobalSection
	GlobalSection(ProjectConfigurationPlatforms) = postSolution
		{3C2AB491-ECA8-40E8-91B4-6300BE13DEE2}.Debug|Any CPU.ActiveCfg = Debug|Any CPU
		{3C2AB491-ECA8-40E8-91B4-6300BE13DEE2}.Debug|Any CPU.Build.0 = Debug|Any CPU
		{3C2AB491-ECA8-40E8-91B4-6300BE13DEE2}.Release|Any CPU.ActiveCfg = Release|Any CPU
		{3C2AB491-ECA8-40E8-91B4-6300BE13DEE2}.Release|Any CPU.Build.0 = Release|Any CPU
		{74B1B784-4937-4BEA-ABCC-F66A6CAE8153}.Debug|Any CPU.ActiveCfg = Debug|Any CPU
		{74B1B784-4937-4BEA-ABCC-F66A6CAE8153}.Debug|Any CPU.Build.0 = Debug|Any CPU
		{74B1B784-4937-4BEA-ABCC-F66A6CAE8153}.Release|Any CPU.ActiveCfg = Release|Any CPU
		{74B1B784-4937-4BEA-ABCC-F66A6CAE8153}.Release|Any CPU.Build.0 = Release|Any CPU
	EndGlobalSection
	GlobalSection(SolutionProperties) = preSolution
		HideSolutionNode = FALSE
	EndGlobalSection
EndGlobal
